
Microsoft Visual Studio Solution File, Format Version 12.00
# Visual Studio Version 17
VisualStudioVersion = 17.6.33723.286
MinimumVisualStudioVersion = 10.0.40219.1
Project("{FAE04EC0-301F-11D3-BF4B-00C04F79EFBC}") = "Productos", "Productos.csproj", "{79CA6003-0570-45A9-99AA-E66F2BB0F348}"
EndProject
Global
	GlobalSection(SolutionConfigurationPlatforms) = preSolution
		Debug|Any CPU = Debug|Any CPU
		Release|Any CPU = Release|Any CPU
	EndGlobalSection
	GlobalSection(ProjectConfigurationPlatforms) = postSolution
		{79CA6003-0570-45A9-99AA-E66F2BB0F348}.Debug|Any CPU.ActiveCfg = Debug|Any CPU
		{79CA6003-0570-45A9-99AA-E66F2BB0F348}.Debug|Any CPU.Build.0 = Debug|Any CPU
		{79CA6003-0570-45A9-99AA-E66F2BB0F348}.Release|Any CPU.ActiveCfg = Release|Any CPU
		{79CA6003-0570-45A9-99AA-E66F2BB0F348}.Release|Any CPU.Build.0 = Release|Any CPU
	EndGlobalSection
	GlobalSection(SolutionProperties) = preSolution
		HideSolutionNode = FALSE
	EndGlobalSection
	GlobalSection(ExtensibilityGlobals) = postSolution
		SolutionGuid = {B357B602-BDF3-4072-83C8-5526F3361118}
	EndGlobalSection
EndGlobal
